
Microsoft Visual Studio Solution File, Format Version 12.00
# Visual Studio 2012
Project("{FAE04EC0-301F-11D3-BF4B-00C04F79EFBC}") = "LetterApp.Core", "LetterApp.Core\LetterApp.Core.csproj", "{848E6633-3205-4E4B-BAF3-7A61FC5631EC}"
EndProject
Project("{FAE04EC0-301F-11D3-BF4B-00C04F79EFBC}") = "LetterApp.iOS", "LetterApp.iOS\LetterApp.iOS.csproj", "{A2EA23D7-FA55-43F9-A9C0-A5C98BEE9EA6}"
EndProject
Project("{FAE04EC0-301F-11D3-BF4B-00C04F79EFBC}") = "LetterApp.Tests", "LetterApp.Tests\LetterApp.Tests.csproj", "{BFF8F751-1B65-428B-8902-1BDAEFE076AF}"
EndProject
Project("{FAE04EC0-301F-11D3-BF4B-00C04F79EFBC}") = "SinchBinding", "..\..\Desktop\Sinch\SinchBinding\SinchBinding\SinchBinding.csproj", "{9368E415-8252-48D2-8EF2-06A6F9BAF6A6}"
EndProject
Global
	GlobalSection(SolutionConfigurationPlatforms) = preSolution
		Debug|Any CPU = Debug|Any CPU
		Release|Any CPU = Release|Any CPU
		Debug|iPhoneSimulator = Debug|iPhoneSimulator
		Release|iPhone = Release|iPhone
		Release|iPhoneSimulator = Release|iPhoneSimulator
		Debug|iPhone = Debug|iPhone
	EndGlobalSection
	GlobalSection(ProjectConfigurationPlatforms) = postSolution
		{848E6633-3205-4E4B-BAF3-7A61FC5631EC}.Debug|Any CPU.ActiveCfg = Debug|Any CPU
		{848E6633-3205-4E4B-BAF3-7A61FC5631EC}.Debug|Any CPU.Build.0 = Debug|Any CPU
		{848E6633-3205-4E4B-BAF3-7A61FC5631EC}.Release|Any CPU.ActiveCfg = Release|Any CPU
		{848E6633-3205-4E4B-BAF3-7A61FC5631EC}.Release|Any CPU.Build.0 = Release|Any CPU
		{848E6633-3205-4E4B-BAF3-7A61FC5631EC}.Debug|iPhoneSimulator.ActiveCfg = Debug|Any CPU
		{848E6633-3205-4E4B-BAF3-7A61FC5631EC}.Debug|iPhoneSimulator.Build.0 = Debug|Any CPU
		{848E6633-3205-4E4B-BAF3-7A61FC5631EC}.Release|iPhone.ActiveCfg = Release|Any CPU
		{848E6633-3205-4E4B-BAF3-7A61FC5631EC}.Release|iPhone.Build.0 = Release|Any CPU
		{848E6633-3205-4E4B-BAF3-7A61FC5631EC}.Release|iPhoneSimulator.ActiveCfg = Release|Any CPU
		{848E6633-3205-4E4B-BAF3-7A61FC5631EC}.Release|iPhoneSimulator.Build.0 = Release|Any CPU
		{848E6633-3205-4E4B-BAF3-7A61FC5631EC}.Debug|iPhone.ActiveCfg = Debug|Any CPU
		{848E6633-3205-4E4B-BAF3-7A61FC5631EC}.Debug|iPhone.Build.0 = Debug|Any CPU
		{A2EA23D7-FA55-43F9-A9C0-A5C98BEE9EA6}.Debug|Any CPU.ActiveCfg = Debug|iPhoneSimulator
		{A2EA23D7-FA55-43F9-A9C0-A5C98BEE9EA6}.Debug|Any CPU.Build.0 = Debug|iPhoneSimulator
		{A2EA23D7-FA55-43F9-A9C0-A5C98BEE9EA6}.Release|Any CPU.ActiveCfg = Release|iPhone
		{A2EA23D7-FA55-43F9-A9C0-A5C98BEE9EA6}.Release|Any CPU.Build.0 = Release|iPhone
		{A2EA23D7-FA55-43F9-A9C0-A5C98BEE9EA6}.Debug|iPhoneSimulator.ActiveCfg = Debug|iPhoneSimulator
		{A2EA23D7-FA55-43F9-A9C0-A5C98BEE9EA6}.Debug|iPhoneSimulator.Build.0 = Debug|iPhoneSimulator
		{A2EA23D7-FA55-43F9-A9C0-A5C98BEE9EA6}.Release|iPhone.ActiveCfg = Release|iPhone
		{A2EA23D7-FA55-43F9-A9C0-A5C98BEE9EA6}.Release|iPhone.Build.0 = Release|iPhone
		{A2EA23D7-FA55-43F9-A9C0-A5C98BEE9EA6}.Release|iPhoneSimulator.ActiveCfg = Release|iPhoneSimulator
		{A2EA23D7-FA55-43F9-A9C0-A5C98BEE9EA6}.Release|iPhoneSimulator.Build.0 = Release|iPhoneSimulator
		{A2EA23D7-FA55-43F9-A9C0-A5C98BEE9EA6}.Debug|iPhone.ActiveCfg = Debug|iPhone
		{A2EA23D7-FA55-43F9-A9C0-A5C98BEE9EA6}.Debug|iPhone.Build.0 = Debug|iPhone
		{BFF8F751-1B65-428B-8902-1BDAEFE076AF}.Debug|Any CPU.ActiveCfg = Debug|Any CPU
		{BFF8F751-1B65-428B-8902-1BDAEFE076AF}.Debug|Any CPU.Build.0 = Debug|Any CPU
		{BFF8F751-1B65-428B-8902-1BDAEFE076AF}.Release|Any CPU.ActiveCfg = Release|Any CPU
		{BFF8F751-1B65-428B-8902-1BDAEFE076AF}.Release|Any CPU.Build.0 = Release|Any CPU
		{BFF8F751-1B65-428B-8902-1BDAEFE076AF}.Debug|iPhoneSimulator.ActiveCfg = Debug|Any CPU
		{BFF8F751-1B65-428B-8902-1BDAEFE076AF}.Debug|iPhoneSimulator.Build.0 = Debug|Any CPU
		{BFF8F751-1B65-428B-8902-1BDAEFE076AF}.Release|iPhone.ActiveCfg = Release|Any CPU
		{BFF8F751-1B65-428B-8902-1BDAEFE076AF}.Release|iPhone.Build.0 = Release|Any CPU
		{BFF8F751-1B65-428B-8902-1BDAEFE076AF}.Release|iPhoneSimulator.ActiveCfg = Release|Any CPU
		{BFF8F751-1B65-428B-8902-1BDAEFE076AF}.Release|iPhoneSimulator.Build.0 = Release|Any CPU
		{BFF8F751-1B65-428B-8902-1BDAEFE076AF}.Debug|iPhone.ActiveCfg = Debug|Any CPU
		{BFF8F751-1B65-428B-8902-1BDAEFE076AF}.Debug|iPhone.Build.0 = Debug|Any CPU
		{9368E415-8252-48D2-8EF2-06A6F9BAF6A6}.Debug|Any CPU.ActiveCfg = Debug|Any CPU
		{9368E415-8252-48D2-8EF2-06A6F9BAF6A6}.Debug|Any CPU.Build.0 = Debug|Any CPU
		{9368E415-8252-48D2-8EF2-06A6F9BAF6A6}.Release|Any CPU.ActiveCfg = Release|Any CPU
		{9368E415-8252-48D2-8EF2-06A6F9BAF6A6}.Release|Any CPU.Build.0 = Release|Any CPU
		{9368E415-8252-48D2-8EF2-06A6F9BAF6A6}.Debug|iPhoneSimulator.ActiveCfg = Debug|Any CPU
		{9368E415-8252-48D2-8EF2-06A6F9BAF6A6}.Debug|iPhoneSimulator.Build.0 = Debug|Any CPU
		{9368E415-8252-48D2-8EF2-06A6F9BAF6A6}.Release|iPhone.ActiveCfg = Release|Any CPU
		{9368E415-8252-48D2-8EF2-06A6F9BAF6A6}.Release|iPhone.Build.0 = Release|Any CPU
		{9368E415-8252-48D2-8EF2-06A6F9BAF6A6}.Release|iPhoneSimulator.ActiveCfg = Release|Any CPU
		{9368E415-8252-48D2-8EF2-06A6F9BAF6A6}.Release|iPhoneSimulator.Build.0 = Release|Any CPU
		{9368E415-8252-48D2-8EF2-06A6F9BAF6A6}.Debug|iPhone.ActiveCfg = Debug|Any CPU
		{9368E415-8252-48D2-8EF2-06A6F9BAF6A6}.Debug|iPhone.Build.0 = Debug|Any CPU
	EndGlobalSection
EndGlobal
